// !$*UTF8*$!
{
	archiveVersion = 1;
	classes = {
	};
	objectVersion = 50;
	objects = {

/* Begin PBXBuildFile section */
		7151586422B7339700A06D6E /* AppDelegate.swift in Sources */ = {isa = PBXBuildFile; fileRef = 7151586322B7339700A06D6E /* AppDelegate.swift */; };
		7151586622B7339700A06D6E /* ViewController.swift in Sources */ = {isa = PBXBuildFile; fileRef = 7151586522B7339700A06D6E /* ViewController.swift */; };
		7151586C22B7339700A06D6E /* PersonalKanban.xcdatamodeld in Sources */ = {isa = PBXBuildFile; fileRef = 7151586A22B7339700A06D6E /* PersonalKanban.xcdatamodeld */; };
		7151586E22B7339A00A06D6E /* Assets.xcassets in Resources */ = {isa = PBXBuildFile; fileRef = 7151586D22B7339A00A06D6E /* Assets.xcassets */; };
		7151587122B7339A00A06D6E /* LaunchScreen.storyboard in Resources */ = {isa = PBXBuildFile; fileRef = 7151586F22B7339A00A06D6E /* LaunchScreen.storyboard */; };
		7151587C22B7339A00A06D6E /* PersonalKanbanTests.swift in Sources */ = {isa = PBXBuildFile; fileRef = 7151587B22B7339A00A06D6E /* PersonalKanbanTests.swift */; };
		7151588722B7339A00A06D6E /* PersonalKanbanUITests.swift in Sources */ = {isa = PBXBuildFile; fileRef = 7151588622B7339A00A06D6E /* PersonalKanbanUITests.swift */; };
		7151589822B735D500A06D6E /* Epic+CoreDataClass.swift in Sources */ = {isa = PBXBuildFile; fileRef = 7151589422B735D500A06D6E /* Epic+CoreDataClass.swift */; };
		7151589922B735D500A06D6E /* Epic+CoreDataProperties.swift in Sources */ = {isa = PBXBuildFile; fileRef = 7151589522B735D500A06D6E /* Epic+CoreDataProperties.swift */; };
		7151589A22B735D500A06D6E /* Task+CoreDataClass.swift in Sources */ = {isa = PBXBuildFile; fileRef = 7151589622B735D500A06D6E /* Task+CoreDataClass.swift */; };
		7151589B22B735D500A06D6E /* Task+CoreDataProperties.swift in Sources */ = {isa = PBXBuildFile; fileRef = 7151589722B735D500A06D6E /* Task+CoreDataProperties.swift */; };
		715158A422B7362F00A06D6E /* hamburgerMenuIcon.png in Resources */ = {isa = PBXBuildFile; fileRef = 715158A122B7362F00A06D6E /* hamburgerMenuIcon.png */; };
		715158A522B7362F00A06D6E /* horizontalDotsIcon.png in Resources */ = {isa = PBXBuildFile; fileRef = 715158A222B7362F00A06D6E /* horizontalDotsIcon.png */; };
		715158A622B7362F00A06D6E /* upArrow.png in Resources */ = {isa = PBXBuildFile; fileRef = 715158A322B7362F00A06D6E /* upArrow.png */; };
		715158AD22B7365800A06D6E /* MoreVC.swift in Sources */ = {isa = PBXBuildFile; fileRef = 715158A722B7365800A06D6E /* MoreVC.swift */; };
		715158AE22B7365800A06D6E /* BacklogTC.swift in Sources */ = {isa = PBXBuildFile; fileRef = 715158A822B7365800A06D6E /* BacklogTC.swift */; };
		715158AF22B7365800A06D6E /* KanbanBoardTableVC.swift in Sources */ = {isa = PBXBuildFile; fileRef = 715158A922B7365800A06D6E /* KanbanBoardTableVC.swift */; };
		715158B022B7365800A06D6E /* MainMenuController.swift in Sources */ = {isa = PBXBuildFile; fileRef = 715158AA22B7365800A06D6E /* MainMenuController.swift */; };
		715158B122B7365800A06D6E /* EpicsTableVC.swift in Sources */ = {isa = PBXBuildFile; fileRef = 715158AB22B7365800A06D6E /* EpicsTableVC.swift */; };
		715158B222B7365800A06D6E /* ArchivedTVC.swift in Sources */ = {isa = PBXBuildFile; fileRef = 715158AC22B7365800A06D6E /* ArchivedTVC.swift */; };
		715158B422B7367500A06D6E /* TaskCell.swift in Sources */ = {isa = PBXBuildFile; fileRef = 715158B322B7367500A06D6E /* TaskCell.swift */; };
		715158B822B7368800A06D6E /* TaskReaderVC.swift in Sources */ = {isa = PBXBuildFile; fileRef = 715158B522B7368800A06D6E /* TaskReaderVC.swift */; };
		715158B922B7368800A06D6E /* TaskEditor.swift in Sources */ = {isa = PBXBuildFile; fileRef = 715158B622B7368800A06D6E /* TaskEditor.swift */; };
		715158BA22B7368800A06D6E /* TaskVC.swift in Sources */ = {isa = PBXBuildFile; fileRef = 715158B722B7368800A06D6E /* TaskVC.swift */; };
		715158BC22B7369500A06D6E /* PersistenceManager.swift in Sources */ = {isa = PBXBuildFile; fileRef = 715158BB22B7369500A06D6E /* PersistenceManager.swift */; };
		715158BF22B736B400A06D6E /* Constants.swift in Sources */ = {isa = PBXBuildFile; fileRef = 715158BD22B736B400A06D6E /* Constants.swift */; };
		715158C022B736B400A06D6E /* Enums.swift in Sources */ = {isa = PBXBuildFile; fileRef = 715158BE22B736B400A06D6E /* Enums.swift */; };
		715158C222B737C000A06D6E /* GHTUIKit.framework in Frameworks */ = {isa = PBXBuildFile; fileRef = 715158C122B737C000A06D6E /* GHTUIKit.framework */; };
		715158C322B737C000A06D6E /* GHTUIKit.framework in Embed Frameworks */ = {isa = PBXBuildFile; fileRef = 715158C122B737C000A06D6E /* GHTUIKit.framework */; settings = {ATTRIBUTES = (CodeSignOnCopy, RemoveHeadersOnCopy, ); }; };
		715159A522B7987A00A06D6E /* EpicEditor.swift in Sources */ = {isa = PBXBuildFile; fileRef = 715159A422B7987A00A06D6E /* EpicEditor.swift */; };
		715159A722B79B5B00A06D6E /* EpicCell.swift in Sources */ = {isa = PBXBuildFile; fileRef = 715159A622B79B5B00A06D6E /* EpicCell.swift */; };
		715159A922B79FBB00A06D6E /* EpicReader.swift in Sources */ = {isa = PBXBuildFile; fileRef = 715159A822B79FBB00A06D6E /* EpicReader.swift */; };
		715159AB22B79FC900A06D6E /* EpicVC.swift in Sources */ = {isa = PBXBuildFile; fileRef = 715159AA22B79FC900A06D6E /* EpicVC.swift */; };
		715159B622B7ADE600A06D6E /* StyledLabel.swift in Sources */ = {isa = PBXBuildFile; fileRef = 715159B522B7ADE600A06D6E /* StyledLabel.swift */; };
		715159BC22B7E66B00A06D6E /* StyledTextView.swift in Sources */ = {isa = PBXBuildFile; fileRef = 715159BB22B7E66B00A06D6E /* StyledTextView.swift */; };
/* End PBXBuildFile section */

/* Begin PBXContainerItemProxy section */
		7151587822B7339A00A06D6E /* PBXContainerItemProxy */ = {
			isa = PBXContainerItemProxy;
			containerPortal = 7151585822B7339700A06D6E /* Project object */;
			proxyType = 1;
			remoteGlobalIDString = 7151585F22B7339700A06D6E;
			remoteInfo = PersonalKanban;
		};
		7151588322B7339A00A06D6E /* PBXContainerItemProxy */ = {
			isa = PBXContainerItemProxy;
			containerPortal = 7151585822B7339700A06D6E /* Project object */;
			proxyType = 1;
			remoteGlobalIDString = 7151585F22B7339700A06D6E;
			remoteInfo = PersonalKanban;
		};
/* End PBXContainerItemProxy section */

/* Begin PBXCopyFilesBuildPhase section */
		715158C422B737C000A06D6E /* Embed Frameworks */ = {
			isa = PBXCopyFilesBuildPhase;
			buildActionMask = 2147483647;
			dstPath = "";
			dstSubfolderSpec = 10;
			files = (
				715158C322B737C000A06D6E /* GHTUIKit.framework in Embed Frameworks */,
			);
			name = "Embed Frameworks";
			runOnlyForDeploymentPostprocessing = 0;
		};
/* End PBXCopyFilesBuildPhase section */

/* Begin PBXFileReference section */
		7151586022B7339700A06D6E /* PersonalKanban.app */ = {isa = PBXFileReference; explicitFileType = wrapper.application; includeInIndex = 0; path = PersonalKanban.app; sourceTree = BUILT_PRODUCTS_DIR; };
		7151586322B7339700A06D6E /* AppDelegate.swift */ = {isa = PBXFileReference; lastKnownFileType = sourcecode.swift; path = AppDelegate.swift; sourceTree = "<group>"; };
		7151586522B7339700A06D6E /* ViewController.swift */ = {isa = PBXFileReference; lastKnownFileType = sourcecode.swift; path = ViewController.swift; sourceTree = "<group>"; };
		7151586B22B7339700A06D6E /* PersonalKanban.xcdatamodel */ = {isa = PBXFileReference; lastKnownFileType = wrapper.xcdatamodel; path = PersonalKanban.xcdatamodel; sourceTree = "<group>"; };
		7151586D22B7339A00A06D6E /* Assets.xcassets */ = {isa = PBXFileReference; lastKnownFileType = folder.assetcatalog; path = Assets.xcassets; sourceTree = "<group>"; };
		7151587022B7339A00A06D6E /* Base */ = {isa = PBXFileReference; lastKnownFileType = file.storyboard; name = Base; path = Base.lproj/LaunchScreen.storyboard; sourceTree = "<group>"; };
		7151587722B7339A00A06D6E /* PersonalKanbanTests.xctest */ = {isa = PBXFileReference; explicitFileType = wrapper.cfbundle; includeInIndex = 0; path = PersonalKanbanTests.xctest; sourceTree = BUILT_PRODUCTS_DIR; };
		7151587B22B7339A00A06D6E /* PersonalKanbanTests.swift */ = {isa = PBXFileReference; lastKnownFileType = sourcecode.swift; path = PersonalKanbanTests.swift; sourceTree = "<group>"; };
		7151587D22B7339A00A06D6E /* Info.plist */ = {isa = PBXFileReference; lastKnownFileType = text.plist.xml; path = Info.plist; sourceTree = "<group>"; };
		7151588222B7339A00A06D6E /* PersonalKanbanUITests.xctest */ = {isa = PBXFileReference; explicitFileType = wrapper.cfbundle; includeInIndex = 0; path = PersonalKanbanUITests.xctest; sourceTree = BUILT_PRODUCTS_DIR; };
		7151588622B7339A00A06D6E /* PersonalKanbanUITests.swift */ = {isa = PBXFileReference; lastKnownFileType = sourcecode.swift; path = PersonalKanbanUITests.swift; sourceTree = "<group>"; };
		7151588822B7339B00A06D6E /* Info.plist */ = {isa = PBXFileReference; lastKnownFileType = text.plist.xml; path = Info.plist; sourceTree = "<group>"; };
		7151589422B735D500A06D6E /* Epic+CoreDataClass.swift */ = {isa = PBXFileReference; lastKnownFileType = sourcecode.swift; path = "Epic+CoreDataClass.swift"; sourceTree = "<group>"; };
		7151589522B735D500A06D6E /* Epic+CoreDataProperties.swift */ = {isa = PBXFileReference; lastKnownFileType = sourcecode.swift; path = "Epic+CoreDataProperties.swift"; sourceTree = "<group>"; };
		7151589622B735D500A06D6E /* Task+CoreDataClass.swift */ = {isa = PBXFileReference; lastKnownFileType = sourcecode.swift; path = "Task+CoreDataClass.swift"; sourceTree = "<group>"; };
		7151589722B735D500A06D6E /* Task+CoreDataProperties.swift */ = {isa = PBXFileReference; lastKnownFileType = sourcecode.swift; path = "Task+CoreDataProperties.swift"; sourceTree = "<group>"; };
		715158A122B7362F00A06D6E /* hamburgerMenuIcon.png */ = {isa = PBXFileReference; lastKnownFileType = image.png; path = hamburgerMenuIcon.png; sourceTree = "<group>"; };
		715158A222B7362F00A06D6E /* horizontalDotsIcon.png */ = {isa = PBXFileReference; lastKnownFileType = image.png; path = horizontalDotsIcon.png; sourceTree = "<group>"; };
		715158A322B7362F00A06D6E /* upArrow.png */ = {isa = PBXFileReference; lastKnownFileType = image.png; path = upArrow.png; sourceTree = "<group>"; };
		715158A722B7365800A06D6E /* MoreVC.swift */ = {isa = PBXFileReference; fileEncoding = 4; lastKnownFileType = sourcecode.swift; path = MoreVC.swift; sourceTree = "<group>"; };
		715158A822B7365800A06D6E /* BacklogTC.swift */ = {isa = PBXFileReference; fileEncoding = 4; lastKnownFileType = sourcecode.swift; path = BacklogTC.swift; sourceTree = "<group>"; };
		715158A922B7365800A06D6E /* KanbanBoardTableVC.swift */ = {isa = PBXFileReference; fileEncoding = 4; lastKnownFileType = sourcecode.swift; path = KanbanBoardTableVC.swift; sourceTree = "<group>"; };
		715158AA22B7365800A06D6E /* MainMenuController.swift */ = {isa = PBXFileReference; fileEncoding = 4; lastKnownFileType = sourcecode.swift; path = MainMenuController.swift; sourceTree = "<group>"; };
		715158AB22B7365800A06D6E /* EpicsTableVC.swift */ = {isa = PBXFileReference; fileEncoding = 4; lastKnownFileType = sourcecode.swift; path = EpicsTableVC.swift; sourceTree = "<group>"; };
		715158AC22B7365800A06D6E /* ArchivedTVC.swift */ = {isa = PBXFileReference; fileEncoding = 4; lastKnownFileType = sourcecode.swift; path = ArchivedTVC.swift; sourceTree = "<group>"; };
		715158B322B7367500A06D6E /* TaskCell.swift */ = {isa = PBXFileReference; fileEncoding = 4; lastKnownFileType = sourcecode.swift; path = TaskCell.swift; sourceTree = "<group>"; };
		715158B522B7368800A06D6E /* TaskReaderVC.swift */ = {isa = PBXFileReference; fileEncoding = 4; lastKnownFileType = sourcecode.swift; path = TaskReaderVC.swift; sourceTree = "<group>"; };
		715158B622B7368800A06D6E /* TaskEditor.swift */ = {isa = PBXFileReference; fileEncoding = 4; lastKnownFileType = sourcecode.swift; path = TaskEditor.swift; sourceTree = "<group>"; };
		715158B722B7368800A06D6E /* TaskVC.swift */ = {isa = PBXFileReference; fileEncoding = 4; lastKnownFileType = sourcecode.swift; path = TaskVC.swift; sourceTree = "<group>"; };
		715158BB22B7369500A06D6E /* PersistenceManager.swift */ = {isa = PBXFileReference; fileEncoding = 4; lastKnownFileType = sourcecode.swift; path = PersistenceManager.swift; sourceTree = "<group>"; };
		715158BD22B736B400A06D6E /* Constants.swift */ = {isa = PBXFileReference; fileEncoding = 4; lastKnownFileType = sourcecode.swift; path = Constants.swift; sourceTree = "<group>"; };
		715158BE22B736B400A06D6E /* Enums.swift */ = {isa = PBXFileReference; fileEncoding = 4; lastKnownFileType = sourcecode.swift; path = Enums.swift; sourceTree = "<group>"; };
		715158C122B737C000A06D6E /* GHTUIKit.framework */ = {isa = PBXFileReference; explicitFileType = wrapper.framework; path = GHTUIKit.framework; sourceTree = BUILT_PRODUCTS_DIR; };
		715159A422B7987A00A06D6E /* EpicEditor.swift */ = {isa = PBXFileReference; lastKnownFileType = sourcecode.swift; path = EpicEditor.swift; sourceTree = "<group>"; };
		715159A622B79B5B00A06D6E /* EpicCell.swift */ = {isa = PBXFileReference; lastKnownFileType = sourcecode.swift; path = EpicCell.swift; sourceTree = "<group>"; };
		715159A822B79FBB00A06D6E /* EpicReader.swift */ = {isa = PBXFileReference; lastKnownFileType = sourcecode.swift; path = EpicReader.swift; sourceTree = "<group>"; };
		715159AA22B79FC900A06D6E /* EpicVC.swift */ = {isa = PBXFileReference; lastKnownFileType = sourcecode.swift; path = EpicVC.swift; sourceTree = "<group>"; };
		715159B522B7ADE600A06D6E /* StyledLabel.swift */ = {isa = PBXFileReference; lastKnownFileType = sourcecode.swift; path = StyledLabel.swift; sourceTree = "<group>"; };
		715159BB22B7E66B00A06D6E /* StyledTextView.swift */ = {isa = PBXFileReference; lastKnownFileType = sourcecode.swift; path = StyledTextView.swift; sourceTree = "<group>"; };
/* End PBXFileReference section */

/* Begin PBXFrameworksBuildPhase section */
		7151585D22B7339700A06D6E /* Frameworks */ = {
			isa = PBXFrameworksBuildPhase;
			buildActionMask = 2147483647;
			files = (
				715158C222B737C000A06D6E /* GHTUIKit.framework in Frameworks */,
			);
			runOnlyForDeploymentPostprocessing = 0;
		};
		7151587422B7339A00A06D6E /* Frameworks */ = {
			isa = PBXFrameworksBuildPhase;
			buildActionMask = 2147483647;
			files = (
			);
			runOnlyForDeploymentPostprocessing = 0;
		};
		7151587F22B7339A00A06D6E /* Frameworks */ = {
			isa = PBXFrameworksBuildPhase;
			buildActionMask = 2147483647;
			files = (
			);
			runOnlyForDeploymentPostprocessing = 0;
		};
/* End PBXFrameworksBuildPhase section */

/* Begin PBXGroup section */
		7151585722B7339700A06D6E = {
			isa = PBXGroup;
			children = (
				715158C122B737C000A06D6E /* GHTUIKit.framework */,
				7151586222B7339700A06D6E /* PersonalKanban */,
				7151587A22B7339A00A06D6E /* PersonalKanbanTests */,
				7151588522B7339A00A06D6E /* PersonalKanbanUITests */,
				7151586122B7339700A06D6E /* Products */,
			);
			sourceTree = "<group>";
		};
		7151586122B7339700A06D6E /* Products */ = {
			isa = PBXGroup;
			children = (
				7151586022B7339700A06D6E /* PersonalKanban.app */,
				7151587722B7339A00A06D6E /* PersonalKanbanTests.xctest */,
				7151588222B7339A00A06D6E /* PersonalKanbanUITests.xctest */,
			);
			name = Products;
			sourceTree = "<group>";
		};
		7151586222B7339700A06D6E /* PersonalKanban */ = {
			isa = PBXGroup;
			children = (
				715159B422B7ADB800A06D6E /* UI Objects */,
				715158A022B7360400A06D6E /* resources */,
				7151589C22B735DC00A06D6E /* model */,
				7151589E22B735F700A06D6E /* view */,
				7151589F22B735FD00A06D6E /* controller */,
			);
			path = PersonalKanban;
			sourceTree = "<group>";
		};
		7151587A22B7339A00A06D6E /* PersonalKanbanTests */ = {
			isa = PBXGroup;
			children = (
				7151587B22B7339A00A06D6E /* PersonalKanbanTests.swift */,
				7151587D22B7339A00A06D6E /* Info.plist */,
			);
			path = PersonalKanbanTests;
			sourceTree = "<group>";
		};
		7151588522B7339A00A06D6E /* PersonalKanbanUITests */ = {
			isa = PBXGroup;
			children = (
				7151588622B7339A00A06D6E /* PersonalKanbanUITests.swift */,
				7151588822B7339B00A06D6E /* Info.plist */,
			);
			path = PersonalKanbanUITests;
			sourceTree = "<group>";
		};
		7151589C22B735DC00A06D6E /* model */ = {
			isa = PBXGroup;
			children = (
				715158BD22B736B400A06D6E /* Constants.swift */,
				715158BE22B736B400A06D6E /* Enums.swift */,
				7151589D22B735EB00A06D6E /* core data */,
			);
			path = model;
			sourceTree = "<group>";
		};
		7151589D22B735EB00A06D6E /* core data */ = {
			isa = PBXGroup;
			children = (
				7151586A22B7339700A06D6E /* PersonalKanban.xcdatamodeld */,
				7151589422B735D500A06D6E /* Epic+CoreDataClass.swift */,
				7151589522B735D500A06D6E /* Epic+CoreDataProperties.swift */,
				7151589622B735D500A06D6E /* Task+CoreDataClass.swift */,
				7151589722B735D500A06D6E /* Task+CoreDataProperties.swift */,
			);
			path = "core data";
			sourceTree = "<group>";
		};
		7151589E22B735F700A06D6E /* view */ = {
			isa = PBXGroup;
			children = (
				7151586F22B7339A00A06D6E /* LaunchScreen.storyboard */,
				715159AC22B7A2B800A06D6E /* More */,
				715159A322B7925000A06D6E /* TableViewCells */,
				715159A222B7924500A06D6E /* Epics */,
				715159A122B7923600A06D6E /* Tasks */,
				715159A022B7921E00A06D6E /* Main Menu */,
			);
			path = view;
			sourceTree = "<group>";
		};
		7151589F22B735FD00A06D6E /* controller */ = {
			isa = PBXGroup;
			children = (
				715158BB22B7369500A06D6E /* PersistenceManager.swift */,
				7151586322B7339700A06D6E /* AppDelegate.swift */,
			);
			path = controller;
			sourceTree = "<group>";
		};
		715158A022B7360400A06D6E /* resources */ = {
			isa = PBXGroup;
			children = (
				7151586D22B7339A00A06D6E /* Assets.xcassets */,
				715158A122B7362F00A06D6E /* hamburgerMenuIcon.png */,
				715158A222B7362F00A06D6E /* horizontalDotsIcon.png */,
				715158A322B7362F00A06D6E /* upArrow.png */,
			);
			path = resources;
			sourceTree = "<group>";
		};
		715159A022B7921E00A06D6E /* Main Menu */ = {
			isa = PBXGroup;
			children = (
				715158AA22B7365800A06D6E /* MainMenuController.swift */,
				715158AC22B7365800A06D6E /* ArchivedTVC.swift */,
				715158A822B7365800A06D6E /* BacklogTC.swift */,
				715158AB22B7365800A06D6E /* EpicsTableVC.swift */,
				715158A922B7365800A06D6E /* KanbanBoardTableVC.swift */,
				715158A722B7365800A06D6E /* MoreVC.swift */,
			);
			path = "Main Menu";
			sourceTree = "<group>";
		};
		715159A122B7923600A06D6E /* Tasks */ = {
			isa = PBXGroup;
			children = (
				715158B622B7368800A06D6E /* TaskEditor.swift */,
				715158B522B7368800A06D6E /* TaskReaderVC.swift */,
				715158B722B7368800A06D6E /* TaskVC.swift */,
			);
			path = Tasks;
			sourceTree = "<group>";
		};
		715159A222B7924500A06D6E /* Epics */ = {
			isa = PBXGroup;
			children = (
				715159A422B7987A00A06D6E /* EpicEditor.swift */,
				715159A822B79FBB00A06D6E /* EpicReader.swift */,
				715159AA22B79FC900A06D6E /* EpicVC.swift */,
			);
			path = Epics;
			sourceTree = "<group>";
		};
		715159A322B7925000A06D6E /* TableViewCells */ = {
			isa = PBXGroup;
			children = (
				715158B322B7367500A06D6E /* TaskCell.swift */,
				715159A622B79B5B00A06D6E /* EpicCell.swift */,
			);
			path = TableViewCells;
			sourceTree = "<group>";
		};
		715159AC22B7A2B800A06D6E /* More */ = {
			isa = PBXGroup;
			children = (
				7151586522B7339700A06D6E /* ViewController.swift */,
			);
			path = More;
			sourceTree = "<group>";
		};
		715159B422B7ADB800A06D6E /* UI Objects */ = {
			isa = PBXGroup;
			children = (
				715159B522B7ADE600A06D6E /* StyledLabel.swift */,
				715159BB22B7E66B00A06D6E /* StyledTextView.swift */,
			);
			path = "UI Objects";
			sourceTree = "<group>";
		};
/* End PBXGroup section */

/* Begin PBXNativeTarget section */
		7151585F22B7339700A06D6E /* PersonalKanban */ = {
			isa = PBXNativeTarget;
			buildConfigurationList = 7151588B22B7339B00A06D6E /* Build configuration list for PBXNativeTarget "PersonalKanban" */;
			buildPhases = (
				7151585C22B7339700A06D6E /* Sources */,
				7151585D22B7339700A06D6E /* Frameworks */,
				7151585E22B7339700A06D6E /* Resources */,
				715158C422B737C000A06D6E /* Embed Frameworks */,
			);
			buildRules = (
			);
			dependencies = (
			);
			name = PersonalKanban;
			productName = PersonalKanban;
			productReference = 7151586022B7339700A06D6E /* PersonalKanban.app */;
			productType = "com.apple.product-type.application";
		};
		7151587622B7339A00A06D6E /* PersonalKanbanTests */ = {
			isa = PBXNativeTarget;
			buildConfigurationList = 7151588E22B7339B00A06D6E /* Build configuration list for PBXNativeTarget "PersonalKanbanTests" */;
			buildPhases = (
				7151587322B7339A00A06D6E /* Sources */,
				7151587422B7339A00A06D6E /* Frameworks */,
				7151587522B7339A00A06D6E /* Resources */,
			);
			buildRules = (
			);
			dependencies = (
				7151587922B7339A00A06D6E /* PBXTargetDependency */,
			);
			name = PersonalKanbanTests;
			productName = PersonalKanbanTests;
			productReference = 7151587722B7339A00A06D6E /* PersonalKanbanTests.xctest */;
			productType = "com.apple.product-type.bundle.unit-test";
		};
		7151588122B7339A00A06D6E /* PersonalKanbanUITests */ = {
			isa = PBXNativeTarget;
			buildConfigurationList = 7151589122B7339B00A06D6E /* Build configuration list for PBXNativeTarget "PersonalKanbanUITests" */;
			buildPhases = (
				7151587E22B7339A00A06D6E /* Sources */,
				7151587F22B7339A00A06D6E /* Frameworks */,
				7151588022B7339A00A06D6E /* Resources */,
			);
			buildRules = (
			);
			dependencies = (
				7151588422B7339A00A06D6E /* PBXTargetDependency */,
			);
			name = PersonalKanbanUITests;
			productName = PersonalKanbanUITests;
			productReference = 7151588222B7339A00A06D6E /* PersonalKanbanUITests.xctest */;
			productType = "com.apple.product-type.bundle.ui-testing";
		};
/* End PBXNativeTarget section */

/* Begin PBXProject section */
		7151585822B7339700A06D6E /* Project object */ = {
			isa = PBXProject;
			attributes = {
				LastSwiftUpdateCheck = 1020;
				LastUpgradeCheck = 1020;
				ORGANIZATIONNAME = GreyHydeTech;
				TargetAttributes = {
					7151585F22B7339700A06D6E = {
						CreatedOnToolsVersion = 10.2.1;
					};
					7151587622B7339A00A06D6E = {
						CreatedOnToolsVersion = 10.2.1;
						TestTargetID = 7151585F22B7339700A06D6E;
					};
					7151588122B7339A00A06D6E = {
						CreatedOnToolsVersion = 10.2.1;
						TestTargetID = 7151585F22B7339700A06D6E;
					};
				};
			};
			buildConfigurationList = 7151585B22B7339700A06D6E /* Build configuration list for PBXProject "PersonalKanban" */;
			compatibilityVersion = "Xcode 9.3";
			developmentRegion = en;
			hasScannedForEncodings = 0;
			knownRegions = (
				en,
				Base,
			);
			mainGroup = 7151585722B7339700A06D6E;
			productRefGroup = 7151586122B7339700A06D6E /* Products */;
			projectDirPath = "";
			projectRoot = "";
			targets = (
				7151585F22B7339700A06D6E /* PersonalKanban */,
				7151587622B7339A00A06D6E /* PersonalKanbanTests */,
				7151588122B7339A00A06D6E /* PersonalKanbanUITests */,
			);
		};
/* End PBXProject section */

/* Begin PBXResourcesBuildPhase section */
		7151585E22B7339700A06D6E /* Resources */ = {
			isa = PBXResourcesBuildPhase;
			buildActionMask = 2147483647;
			files = (
				7151587122B7339A00A06D6E /* LaunchScreen.storyboard in Resources */,
				715158A622B7362F00A06D6E /* upArrow.png in Resources */,
				715158A422B7362F00A06D6E /* hamburgerMenuIcon.png in Resources */,
				715158A522B7362F00A06D6E /* horizontalDotsIcon.png in Resources */,
				7151586E22B7339A00A06D6E /* Assets.xcassets in Resources */,
			);
			runOnlyForDeploymentPostprocessing = 0;
		};
		7151587522B7339A00A06D6E /* Resources */ = {
			isa = PBXResourcesBuildPhase;
			buildActionMask = 2147483647;
			files = (
			);
			runOnlyForDeploymentPostprocessing = 0;
		};
		7151588022B7339A00A06D6E /* Resources */ = {
			isa = PBXResourcesBuildPhase;
			buildActionMask = 2147483647;
			files = (
			);
			runOnlyForDeploymentPostprocessing = 0;
		};
/* End PBXResourcesBuildPhase section */

/* Begin PBXSourcesBuildPhase section */
		7151585C22B7339700A06D6E /* Sources */ = {
			isa = PBXSourcesBuildPhase;
			buildActionMask = 2147483647;
			files = (
				715158BA22B7368800A06D6E /* TaskVC.swift in Sources */,
				715158BF22B736B400A06D6E /* Constants.swift in Sources */,
				715158C022B736B400A06D6E /* Enums.swift in Sources */,
				715158AE22B7365800A06D6E /* BacklogTC.swift in Sources */,
				715159B622B7ADE600A06D6E /* StyledLabel.swift in Sources */,
				7151589822B735D500A06D6E /* Epic+CoreDataClass.swift in Sources */,
				715158B122B7365800A06D6E /* EpicsTableVC.swift in Sources */,
				715159AB22B79FC900A06D6E /* EpicVC.swift in Sources */,
				7151589922B735D500A06D6E /* Epic+CoreDataProperties.swift in Sources */,
				715158B222B7365800A06D6E /* ArchivedTVC.swift in Sources */,
				715158B922B7368800A06D6E /* TaskEditor.swift in Sources */,
				715158B822B7368800A06D6E /* TaskReaderVC.swift in Sources */,
				715158AF22B7365800A06D6E /* KanbanBoardTableVC.swift in Sources */,
				7151586622B7339700A06D6E /* ViewController.swift in Sources */,
				715159BC22B7E66B00A06D6E /* StyledTextView.swift in Sources */,
				715158AD22B7365800A06D6E /* MoreVC.swift in Sources */,
				715159A922B79FBB00A06D6E /* EpicReader.swift in Sources */,
				715158B422B7367500A06D6E /* TaskCell.swift in Sources */,
				7151586422B7339700A06D6E /* AppDelegate.swift in Sources */,
				7151589B22B735D500A06D6E /* Task+CoreDataProperties.swift in Sources */,
				715159A722B79B5B00A06D6E /* EpicCell.swift in Sources */,
				715158B022B7365800A06D6E /* MainMenuController.swift in Sources */,
				715158BC22B7369500A06D6E /* PersistenceManager.swift in Sources */,
				7151589A22B735D500A06D6E /* Task+CoreDataClass.swift in Sources */,
				7151586C22B7339700A06D6E /* PersonalKanban.xcdatamodeld in Sources */,
				715159A522B7987A00A06D6E /* EpicEditor.swift in Sources */,
			);
			runOnlyForDeploymentPostprocessing = 0;
		};
		7151587322B7339A00A06D6E /* Sources */ = {
			isa = PBXSourcesBuildPhase;
			buildActionMask = 2147483647;
			files = (
				7151587C22B7339A00A06D6E /* PersonalKanbanTests.swift in Sources */,
			);
			runOnlyForDeploymentPostprocessing = 0;
		};
		7151587E22B7339A00A06D6E /* Sources */ = {
			isa = PBXSourcesBuildPhase;
			buildActionMask = 2147483647;
			files = (
				7151588722B7339A00A06D6E /* PersonalKanbanUITests.swift in Sources */,
			);
			runOnlyForDeploymentPostprocessing = 0;
		};
/* End PBXSourcesBuildPhase section */

/* Begin PBXTargetDependency section */
		7151587922B7339A00A06D6E /* PBXTargetDependency */ = {
			isa = PBXTargetDependency;
			target = 7151585F22B7339700A06D6E /* PersonalKanban */;
			targetProxy = 7151587822B7339A00A06D6E /* PBXContainerItemProxy */;
		};
		7151588422B7339A00A06D6E /* PBXTargetDependency */ = {
			isa = PBXTargetDependency;
			target = 7151585F22B7339700A06D6E /* PersonalKanban */;
			targetProxy = 7151588322B7339A00A06D6E /* PBXContainerItemProxy */;
		};
/* End PBXTargetDependency section */

/* Begin PBXVariantGroup section */
		7151586F22B7339A00A06D6E /* LaunchScreen.storyboard */ = {
			isa = PBXVariantGroup;
			children = (
				7151587022B7339A00A06D6E /* Base */,
			);
			name = LaunchScreen.storyboard;
			sourceTree = "<group>";
		};
/* End PBXVariantGroup section */

/* Begin XCBuildConfiguration section */
		7151588922B7339B00A06D6E /* Debug */ = {
			isa = XCBuildConfiguration;
			buildSettings = {
				ALWAYS_SEARCH_USER_PATHS = NO;
				CLANG_ANALYZER_NONNULL = YES;
				CLANG_ANALYZER_NUMBER_OBJECT_CONVERSION = YES_AGGRESSIVE;
				CLANG_CXX_LANGUAGE_STANDARD = "gnu++14";
				CLANG_CXX_LIBRARY = "libc++";
				CLANG_ENABLE_MODULES = YES;
				CLANG_ENABLE_OBJC_ARC = YES;
				CLANG_ENABLE_OBJC_WEAK = YES;
				CLANG_WARN_BLOCK_CAPTURE_AUTORELEASING = YES;
				CLANG_WARN_BOOL_CONVERSION = YES;
				CLANG_WARN_COMMA = YES;
				CLANG_WARN_CONSTANT_CONVERSION = YES;
				CLANG_WARN_DEPRECATED_OBJC_IMPLEMENTATIONS = YES;
				CLANG_WARN_DIRECT_OBJC_ISA_USAGE = YES_ERROR;
				CLANG_WARN_DOCUMENTATION_COMMENTS = YES;
				CLANG_WARN_EMPTY_BODY = YES;
				CLANG_WARN_ENUM_CONVERSION = YES;
				CLANG_WARN_INFINITE_RECURSION = YES;
				CLANG_WARN_INT_CONVERSION = YES;
				CLANG_WARN_NON_LITERAL_NULL_CONVERSION = YES;
				CLANG_WARN_OBJC_IMPLICIT_RETAIN_SELF = YES;
				CLANG_WARN_OBJC_LITERAL_CONVERSION = YES;
				CLANG_WARN_OBJC_ROOT_CLASS = YES_ERROR;
				CLANG_WARN_RANGE_LOOP_ANALYSIS = YES;
				CLANG_WARN_STRICT_PROTOTYPES = YES;
				CLANG_WARN_SUSPICIOUS_MOVE = YES;
				CLANG_WARN_UNGUARDED_AVAILABILITY = YES_AGGRESSIVE;
				CLANG_WARN_UNREACHABLE_CODE = YES;
				CLANG_WARN__DUPLICATE_METHOD_MATCH = YES;
				CODE_SIGN_IDENTITY = "iPhone Developer";
				COPY_PHASE_STRIP = NO;
				DEBUG_INFORMATION_FORMAT = dwarf;
				ENABLE_STRICT_OBJC_MSGSEND = YES;
				ENABLE_TESTABILITY = YES;
				GCC_C_LANGUAGE_STANDARD = gnu11;
				GCC_DYNAMIC_NO_PIC = NO;
				GCC_NO_COMMON_BLOCKS = YES;
				GCC_OPTIMIZATION_LEVEL = 0;
				GCC_PREPROCESSOR_DEFINITIONS = (
					"DEBUG=1",
					"$(inherited)",
				);
				GCC_WARN_64_TO_32_BIT_CONVERSION = YES;
				GCC_WARN_ABOUT_RETURN_TYPE = YES_ERROR;
				GCC_WARN_UNDECLARED_SELECTOR = YES;
				GCC_WARN_UNINITIALIZED_AUTOS = YES_AGGRESSIVE;
				GCC_WARN_UNUSED_FUNCTION = YES;
				GCC_WARN_UNUSED_VARIABLE = YES;
				IPHONEOS_DEPLOYMENT_TARGET = 12.2;
				MTL_ENABLE_DEBUG_INFO = INCLUDE_SOURCE;
				MTL_FAST_MATH = YES;
				ONLY_ACTIVE_ARCH = YES;
				SDKROOT = iphoneos;
				SWIFT_ACTIVE_COMPILATION_CONDITIONS = DEBUG;
				SWIFT_OPTIMIZATION_LEVEL = "-Onone";
			};
			name = Debug;
		};
		7151588A22B7339B00A06D6E /* Release */ = {
			isa = XCBuildConfiguration;
			buildSettings = {
				ALWAYS_SEARCH_USER_PATHS = NO;
				CLANG_ANALYZER_NONNULL = YES;
				CLANG_ANALYZER_NUMBER_OBJECT_CONVERSION = YES_AGGRESSIVE;
				CLANG_CXX_LANGUAGE_STANDARD = "gnu++14";
				CLANG_CXX_LIBRARY = "libc++";
				CLANG_ENABLE_MODULES = YES;
				CLANG_ENABLE_OBJC_ARC = YES;
				CLANG_ENABLE_OBJC_WEAK = YES;
				CLANG_WARN_BLOCK_CAPTURE_AUTORELEASING = YES;
				CLANG_WARN_BOOL_CONVERSION = YES;
				CLANG_WARN_COMMA = YES;
				CLANG_WARN_CONSTANT_CONVERSION = YES;
				CLANG_WARN_DEPRECATED_OBJC_IMPLEMENTATIONS = YES;
				CLANG_WARN_DIRECT_OBJC_ISA_USAGE = YES_ERROR;
				CLANG_WARN_DOCUMENTATION_COMMENTS = YES;
				CLANG_WARN_EMPTY_BODY = YES;
				CLANG_WARN_ENUM_CONVERSION = YES;
				CLANG_WARN_INFINITE_RECURSION = YES;
				CLANG_WARN_INT_CONVERSION = YES;
				CLANG_WARN_NON_LITERAL_NULL_CONVERSION = YES;
				CLANG_WARN_OBJC_IMPLICIT_RETAIN_SELF = YES;
				CLANG_WARN_OBJC_LITERAL_CONVERSION = YES;
				CLANG_WARN_OBJC_ROOT_CLASS = YES_ERROR;
				CLANG_WARN_RANGE_LOOP_ANALYSIS = YES;
				CLANG_WARN_STRICT_PROTOTYPES = YES;
				CLANG_WARN_SUSPICIOUS_MOVE = YES;
				CLANG_WARN_UNGUARDED_AVAILABILITY = YES_AGGRESSIVE;
				CLANG_WARN_UNREACHABLE_CODE = YES;
				CLANG_WARN__DUPLICATE_METHOD_MATCH = YES;
				CODE_SIGN_IDENTITY = "iPhone Developer";
				COPY_PHASE_STRIP = NO;
				DEBUG_INFORMATION_FORMAT = "dwarf-with-dsym";
				ENABLE_NS_ASSERTIONS = NO;
				ENABLE_STRICT_OBJC_MSGSEND = YES;
				GCC_C_LANGUAGE_STANDARD = gnu11;
				GCC_NO_COMMON_BLOCKS = YES;
				GCC_WARN_64_TO_32_BIT_CONVERSION = YES;
				GCC_WARN_ABOUT_RETURN_TYPE = YES_ERROR;
				GCC_WARN_UNDECLARED_SELECTOR = YES;
				GCC_WARN_UNINITIALIZED_AUTOS = YES_AGGRESSIVE;
				GCC_WARN_UNUSED_FUNCTION = YES;
				GCC_WARN_UNUSED_VARIABLE = YES;
				IPHONEOS_DEPLOYMENT_TARGET = 12.2;
				MTL_ENABLE_DEBUG_INFO = NO;
				MTL_FAST_MATH = YES;
				SDKROOT = iphoneos;
				SWIFT_COMPILATION_MODE = wholemodule;
				SWIFT_OPTIMIZATION_LEVEL = "-O";
				VALIDATE_PRODUCT = YES;
			};
			name = Release;
		};
		7151588C22B7339B00A06D6E /* Debug */ = {
			isa = XCBuildConfiguration;
			buildSettings = {
				ASSETCATALOG_COMPILER_APPICON_NAME = AppIcon;
				CODE_SIGN_STYLE = Automatic;
				DEVELOPMENT_TEAM = L34A7YSYGT;
				INFOPLIST_FILE = PersonalKanban/Info.plist;
				LD_RUNPATH_SEARCH_PATHS = (
					"$(inherited)",
					"@executable_path/Frameworks",
				);
				PRODUCT_BUNDLE_IDENTIFIER = com.GreyHydeTech.PersonalKanban;
				PRODUCT_NAME = "$(TARGET_NAME)";
				SWIFT_VERSION = 5.0;
				TARGETED_DEVICE_FAMILY = "1,2";
			};
			name = Debug;
		};
		7151588D22B7339B00A06D6E /* Release */ = {
			isa = XCBuildConfiguration;
			buildSettings = {
				ASSETCATALOG_COMPILER_APPICON_NAME = AppIcon;
				CODE_SIGN_STYLE = Automatic;
				DEVELOPMENT_TEAM = L34A7YSYGT;
				INFOPLIST_FILE = PersonalKanban/Info.plist;
				LD_RUNPATH_SEARCH_PATHS = (
					"$(inherited)",
					"@executable_path/Frameworks",
				);
				PRODUCT_BUNDLE_IDENTIFIER = com.GreyHydeTech.PersonalKanban;
				PRODUCT_NAME = "$(TARGET_NAME)";
				SWIFT_VERSION = 5.0;
				TARGETED_DEVICE_FAMILY = "1,2";
			};
			name = Release;
		};
		7151588F22B7339B00A06D6E /* Debug */ = {
			isa = XCBuildConfiguration;
			buildSettings = {
				ALWAYS_EMBED_SWIFT_STANDARD_LIBRARIES = YES;
				BUNDLE_LOADER = "$(TEST_HOST)";
				CODE_SIGN_STYLE = Automatic;
				DEVELOPMENT_TEAM = L34A7YSYGT;
				INFOPLIST_FILE = PersonalKanbanTests/Info.plist;
				LD_RUNPATH_SEARCH_PATHS = (
					"$(inherited)",
					"@executable_path/Frameworks",
					"@loader_path/Frameworks",
				);
				PRODUCT_BUNDLE_IDENTIFIER = com.GreyHydeTech.PersonalKanbanTests;
				PRODUCT_NAME = "$(TARGET_NAME)";
				SWIFT_VERSION = 5.0;
				TARGETED_DEVICE_FAMILY = "1,2";
				TEST_HOST = "$(BUILT_PRODUCTS_DIR)/PersonalKanban.app/PersonalKanban";
			};
			name = Debug;
		};
		7151589022B7339B00A06D6E /* Release */ = {
			isa = XCBuildConfiguration;
			buildSettings = {
				ALWAYS_EMBED_SWIFT_STANDARD_LIBRARIES = YES;
				BUNDLE_LOADER = "$(TEST_HOST)";
				CODE_SIGN_STYLE = Automatic;
				DEVELOPMENT_TEAM = L34A7YSYGT;
				INFOPLIST_FILE = PersonalKanbanTests/Info.plist;
				LD_RUNPATH_SEARCH_PATHS = (
					"$(inherited)",
					"@executable_path/Frameworks",
					"@loader_path/Frameworks",
				);
				PRODUCT_BUNDLE_IDENTIFIER = com.GreyHydeTech.PersonalKanbanTests;
				PRODUCT_NAME = "$(TARGET_NAME)";
				SWIFT_VERSION = 5.0;
				TARGETED_DEVICE_FAMILY = "1,2";
				TEST_HOST = "$(BUILT_PRODUCTS_DIR)/PersonalKanban.app/PersonalKanban";
			};
			name = Release;
		};
		7151589222B7339B00A06D6E /* Debug */ = {
			isa = XCBuildConfiguration;
			buildSettings = {
				ALWAYS_EMBED_SWIFT_STANDARD_LIBRARIES = YES;
				CODE_SIGN_STYLE = Automatic;
				DEVELOPMENT_TEAM = L34A7YSYGT;
				INFOPLIST_FILE = PersonalKanbanUITests/Info.plist;
				LD_RUNPATH_SEARCH_PATHS = (
					"$(inherited)",
					"@executable_path/Frameworks",
					"@loader_path/Frameworks",
				);
				PRODUCT_BUNDLE_IDENTIFIER = com.GreyHydeTech.PersonalKanbanUITests;
				PRODUCT_NAME = "$(TARGET_NAME)";
				SWIFT_VERSION = 5.0;
				TARGETED_DEVICE_FAMILY = "1,2";
				TEST_TARGET_NAME = PersonalKanban;
			};
			name = Debug;
		};
		7151589322B7339B00A06D6E /* Release */ = {
			isa = XCBuildConfiguration;
			buildSettings = {
				ALWAYS_EMBED_SWIFT_STANDARD_LIBRARIES = YES;
				CODE_SIGN_STYLE = Automatic;
				DEVELOPMENT_TEAM = L34A7YSYGT;
				INFOPLIST_FILE = PersonalKanbanUITests/Info.plist;
				LD_RUNPATH_SEARCH_PATHS = (
					"$(inherited)",
					"@executable_path/Frameworks",
					"@loader_path/Frameworks",
				);
				PRODUCT_BUNDLE_IDENTIFIER = com.GreyHydeTech.PersonalKanbanUITests;
				PRODUCT_NAME = "$(TARGET_NAME)";
				SWIFT_VERSION = 5.0;
				TARGETED_DEVICE_FAMILY = "1,2";
				TEST_TARGET_NAME = PersonalKanban;
			};
			name = Release;
		};
/* End XCBuildConfiguration section */

/* Begin XCConfigurationList section */
		7151585B22B7339700A06D6E /* Build configuration list for PBXProject "PersonalKanban" */ = {
			isa = XCConfigurationList;
			buildConfigurations = (
				7151588922B7339B00A06D6E /* Debug */,
				7151588A22B7339B00A06D6E /* Release */,
			);
			defaultConfigurationIsVisible = 0;
			defaultConfigurationName = Release;
		};
		7151588B22B7339B00A06D6E /* Build configuration list for PBXNativeTarget "PersonalKanban" */ = {
			isa = XCConfigurationList;
			buildConfigurations = (
				7151588C22B7339B00A06D6E /* Debug */,
				7151588D22B7339B00A06D6E /* Release */,
			);
			defaultConfigurationIsVisible = 0;
			defaultConfigurationName = Release;
		};
		7151588E22B7339B00A06D6E /* Build configuration list for PBXNativeTarget "PersonalKanbanTests" */ = {
			isa = XCConfigurationList;
			buildConfigurations = (
				7151588F22B7339B00A06D6E /* Debug */,
				7151589022B7339B00A06D6E /* Release */,
			);
			defaultConfigurationIsVisible = 0;
			defaultConfigurationName = Release;
		};
		7151589122B7339B00A06D6E /* Build configuration list for PBXNativeTarget "PersonalKanbanUITests" */ = {
			isa = XCConfigurationList;
			buildConfigurations = (
				7151589222B7339B00A06D6E /* Debug */,
				7151589322B7339B00A06D6E /* Release */,
			);
			defaultConfigurationIsVisible = 0;
			defaultConfigurationName = Release;
		};
/* End XCConfigurationList section */

/* Begin XCVersionGroup section */
		7151586A22B7339700A06D6E /* PersonalKanban.xcdatamodeld */ = {
			isa = XCVersionGroup;
			children = (
				7151586B22B7339700A06D6E /* PersonalKanban.xcdatamodel */,
			);
			currentVersion = 7151586B22B7339700A06D6E /* PersonalKanban.xcdatamodel */;
			path = PersonalKanban.xcdatamodeld;
			sourceTree = "<group>";
			versionGroupType = wrapper.xcdatamodel;
		};
/* End XCVersionGroup section */
	};
	rootObject = 7151585822B7339700A06D6E /* Project object */;
}
